// !$*UTF8*$!
{
	archiveVersion = 1;
	classes = {
	};
	objectVersion = 46;
	objects = {

/* Begin PBXBuildFile section */
		5277EF1E18F9C1C2006BE2F3 /* Learning_iPhone.storyboard in Resources */ = {isa = PBXBuildFile; fileRef = 5277EF1D18F9C1C2006BE2F3 /* Learning_iPhone.storyboard */; };
		5277EF2418F9D51D006BE2F3 /* BaseAnimatedViewController.m in Sources */ = {isa = PBXBuildFile; fileRef = 5277EF2318F9D51D006BE2F3 /* BaseAnimatedViewController.m */; };
		AE23810318F977900080497E /* UploadViewController.m in Sources */ = {isa = PBXBuildFile; fileRef = AE23810218F977900080497E /* UploadViewController.m */; };
		AE23810718F990870080497E /* SkyScannerWS.m in Sources */ = {isa = PBXBuildFile; fileRef = AE23810618F990870080497E /* SkyScannerWS.m */; };
		AE23810A18F998800080497E /* ResultViewController.m in Sources */ = {isa = PBXBuildFile; fileRef = AE23810918F998800080497E /* ResultViewController.m */; };
		AED653F618F8938E003DC239 /* Foundation.framework in Frameworks */ = {isa = PBXBuildFile; fileRef = AED653F518F8938E003DC239 /* Foundation.framework */; };
		AED653F818F8938E003DC239 /* CoreGraphics.framework in Frameworks */ = {isa = PBXBuildFile; fileRef = AED653F718F8938E003DC239 /* CoreGraphics.framework */; };
		AED653FA18F8938E003DC239 /* UIKit.framework in Frameworks */ = {isa = PBXBuildFile; fileRef = AED653F918F8938E003DC239 /* UIKit.framework */; };
		AED6540018F8938E003DC239 /* InfoPlist.strings in Resources */ = {isa = PBXBuildFile; fileRef = AED653FE18F8938E003DC239 /* InfoPlist.strings */; };
		AED6540218F8938E003DC239 /* main.m in Sources */ = {isa = PBXBuildFile; fileRef = AED6540118F8938E003DC239 /* main.m */; };
		AED6540618F8938E003DC239 /* AppDelegate.m in Sources */ = {isa = PBXBuildFile; fileRef = AED6540518F8938E003DC239 /* AppDelegate.m */; };
		AED6540818F8938E003DC239 /* Images.xcassets in Resources */ = {isa = PBXBuildFile; fileRef = AED6540718F8938E003DC239 /* Images.xcassets */; };
		AED6540F18F8938E003DC239 /* XCTest.framework in Frameworks */ = {isa = PBXBuildFile; fileRef = AED6540E18F8938E003DC239 /* XCTest.framework */; };
		AED6541018F8938E003DC239 /* Foundation.framework in Frameworks */ = {isa = PBXBuildFile; fileRef = AED653F518F8938E003DC239 /* Foundation.framework */; };
		AED6541118F8938E003DC239 /* UIKit.framework in Frameworks */ = {isa = PBXBuildFile; fileRef = AED653F918F8938E003DC239 /* UIKit.framework */; };
		AED6541918F8938E003DC239 /* InfoPlist.strings in Resources */ = {isa = PBXBuildFile; fileRef = AED6541718F8938E003DC239 /* InfoPlist.strings */; };
		AED6541B18F8938E003DC239 /* Sky_SnapperTests.m in Sources */ = {isa = PBXBuildFile; fileRef = AED6541A18F8938E003DC239 /* Sky_SnapperTests.m */; };
		AED6542618F899AA003DC239 /* Storyboard_iPhone.storyboard in Resources */ = {isa = PBXBuildFile; fileRef = AED6542518F899AA003DC239 /* Storyboard_iPhone.storyboard */; };
		AED6542818F89D96003DC239 /* QuartzCore.framework in Frameworks */ = {isa = PBXBuildFile; fileRef = AED6542718F89D96003DC239 /* QuartzCore.framework */; };
		AED6542B18F89DB4003DC239 /* HomeViewController.m in Sources */ = {isa = PBXBuildFile; fileRef = AED6542A18F89DB4003DC239 /* HomeViewController.m */; };
/* End PBXBuildFile section */

/* Begin PBXContainerItemProxy section */
		AED6541218F8938E003DC239 /* PBXContainerItemProxy */ = {
			isa = PBXContainerItemProxy;
			containerPortal = AED653EA18F8938E003DC239 /* Project object */;
			proxyType = 1;
			remoteGlobalIDString = AED653F118F8938E003DC239;
			remoteInfo = "Sky Snapper";
		};
/* End PBXContainerItemProxy section */

/* Begin PBXFileReference section */
		5277EF1D18F9C1C2006BE2F3 /* Learning_iPhone.storyboard */ = {isa = PBXFileReference; fileEncoding = 4; lastKnownFileType = file.storyboard; path = Learning_iPhone.storyboard; sourceTree = "<group>"; };
		5277EF2218F9D51D006BE2F3 /* BaseAnimatedViewController.h */ = {isa = PBXFileReference; fileEncoding = 4; lastKnownFileType = sourcecode.c.h; path = BaseAnimatedViewController.h; sourceTree = "<group>"; };
		5277EF2318F9D51D006BE2F3 /* BaseAnimatedViewController.m */ = {isa = PBXFileReference; fileEncoding = 4; lastKnownFileType = sourcecode.c.objc; path = BaseAnimatedViewController.m; sourceTree = "<group>"; };
		AE23810118F977900080497E /* UploadViewController.h */ = {isa = PBXFileReference; fileEncoding = 4; lastKnownFileType = sourcecode.c.h; path = UploadViewController.h; sourceTree = "<group>"; };
		AE23810218F977900080497E /* UploadViewController.m */ = {isa = PBXFileReference; fileEncoding = 4; lastKnownFileType = sourcecode.c.objc; path = UploadViewController.m; sourceTree = "<group>"; };
		AE23810518F990870080497E /* SkyScannerWS.h */ = {isa = PBXFileReference; fileEncoding = 4; lastKnownFileType = sourcecode.c.h; path = SkyScannerWS.h; sourceTree = "<group>"; };
		AE23810618F990870080497E /* SkyScannerWS.m */ = {isa = PBXFileReference; fileEncoding = 4; lastKnownFileType = sourcecode.c.objc; path = SkyScannerWS.m; sourceTree = "<group>"; };
		AE23810818F998800080497E /* ResultViewController.h */ = {isa = PBXFileReference; fileEncoding = 4; lastKnownFileType = sourcecode.c.h; path = ResultViewController.h; sourceTree = "<group>"; };
		AE23810918F998800080497E /* ResultViewController.m */ = {isa = PBXFileReference; fileEncoding = 4; lastKnownFileType = sourcecode.c.objc; path = ResultViewController.m; sourceTree = "<group>"; };
		AED653F218F8938E003DC239 /* Sky Snapper.app */ = {isa = PBXFileReference; explicitFileType = wrapper.application; includeInIndex = 0; path = "Sky Snapper.app"; sourceTree = BUILT_PRODUCTS_DIR; };
		AED653F518F8938E003DC239 /* Foundation.framework */ = {isa = PBXFileReference; lastKnownFileType = wrapper.framework; name = Foundation.framework; path = System/Library/Frameworks/Foundation.framework; sourceTree = SDKROOT; };
		AED653F718F8938E003DC239 /* CoreGraphics.framework */ = {isa = PBXFileReference; lastKnownFileType = wrapper.framework; name = CoreGraphics.framework; path = System/Library/Frameworks/CoreGraphics.framework; sourceTree = SDKROOT; };
		AED653F918F8938E003DC239 /* UIKit.framework */ = {isa = PBXFileReference; lastKnownFileType = wrapper.framework; name = UIKit.framework; path = System/Library/Frameworks/UIKit.framework; sourceTree = SDKROOT; };
		AED653FD18F8938E003DC239 /* Sky Snapper-Info.plist */ = {isa = PBXFileReference; lastKnownFileType = text.plist.xml; path = "Sky Snapper-Info.plist"; sourceTree = "<group>"; };
		AED653FF18F8938E003DC239 /* en */ = {isa = PBXFileReference; lastKnownFileType = text.plist.strings; name = en; path = en.lproj/InfoPlist.strings; sourceTree = "<group>"; };
		AED6540118F8938E003DC239 /* main.m */ = {isa = PBXFileReference; lastKnownFileType = sourcecode.c.objc; path = main.m; sourceTree = "<group>"; };
		AED6540318F8938E003DC239 /* Sky Snapper-Prefix.pch */ = {isa = PBXFileReference; lastKnownFileType = sourcecode.c.h; path = "Sky Snapper-Prefix.pch"; sourceTree = "<group>"; };
		AED6540418F8938E003DC239 /* AppDelegate.h */ = {isa = PBXFileReference; lastKnownFileType = sourcecode.c.h; path = AppDelegate.h; sourceTree = "<group>"; };
		AED6540518F8938E003DC239 /* AppDelegate.m */ = {isa = PBXFileReference; lastKnownFileType = sourcecode.c.objc; path = AppDelegate.m; sourceTree = "<group>"; };
		AED6540718F8938E003DC239 /* Images.xcassets */ = {isa = PBXFileReference; lastKnownFileType = folder.assetcatalog; path = Images.xcassets; sourceTree = "<group>"; };
		AED6540D18F8938E003DC239 /* Sky SnapperTests.xctest */ = {isa = PBXFileReference; explicitFileType = wrapper.cfbundle; includeInIndex = 0; path = "Sky SnapperTests.xctest"; sourceTree = BUILT_PRODUCTS_DIR; };
		AED6540E18F8938E003DC239 /* XCTest.framework */ = {isa = PBXFileReference; lastKnownFileType = wrapper.framework; name = XCTest.framework; path = Library/Frameworks/XCTest.framework; sourceTree = DEVELOPER_DIR; };
		AED6541618F8938E003DC239 /* Sky SnapperTests-Info.plist */ = {isa = PBXFileReference; lastKnownFileType = text.plist.xml; path = "Sky SnapperTests-Info.plist"; sourceTree = "<group>"; };
		AED6541818F8938E003DC239 /* en */ = {isa = PBXFileReference; lastKnownFileType = text.plist.strings; name = en; path = en.lproj/InfoPlist.strings; sourceTree = "<group>"; };
		AED6541A18F8938E003DC239 /* Sky_SnapperTests.m */ = {isa = PBXFileReference; lastKnownFileType = sourcecode.c.objc; path = Sky_SnapperTests.m; sourceTree = "<group>"; };
		AED6542518F899AA003DC239 /* Storyboard_iPhone.storyboard */ = {isa = PBXFileReference; fileEncoding = 4; lastKnownFileType = file.storyboard; path = Storyboard_iPhone.storyboard; sourceTree = "<group>"; };
		AED6542718F89D96003DC239 /* QuartzCore.framework */ = {isa = PBXFileReference; lastKnownFileType = wrapper.framework; name = QuartzCore.framework; path = System/Library/Frameworks/QuartzCore.framework; sourceTree = SDKROOT; };
		AED6542918F89DB4003DC239 /* HomeViewController.h */ = {isa = PBXFileReference; fileEncoding = 4; lastKnownFileType = sourcecode.c.h; path = HomeViewController.h; sourceTree = "<group>"; };
		AED6542A18F89DB4003DC239 /* HomeViewController.m */ = {isa = PBXFileReference; fileEncoding = 4; lastKnownFileType = sourcecode.c.objc; path = HomeViewController.m; sourceTree = "<group>"; };
/* End PBXFileReference section */

/* Begin PBXFrameworksBuildPhase section */
		AED653EF18F8938E003DC239 /* Frameworks */ = {
			isa = PBXFrameworksBuildPhase;
			buildActionMask = 2147483647;
			files = (
				AED6542818F89D96003DC239 /* QuartzCore.framework in Frameworks */,
				AED653F818F8938E003DC239 /* CoreGraphics.framework in Frameworks */,
				AED653FA18F8938E003DC239 /* UIKit.framework in Frameworks */,
				AED653F618F8938E003DC239 /* Foundation.framework in Frameworks */,
			);
			runOnlyForDeploymentPostprocessing = 0;
		};
		AED6540A18F8938E003DC239 /* Frameworks */ = {
			isa = PBXFrameworksBuildPhase;
			buildActionMask = 2147483647;
			files = (
				AED6540F18F8938E003DC239 /* XCTest.framework in Frameworks */,
				AED6541118F8938E003DC239 /* UIKit.framework in Frameworks */,
				AED6541018F8938E003DC239 /* Foundation.framework in Frameworks */,
			);
			runOnlyForDeploymentPostprocessing = 0;
		};
/* End PBXFrameworksBuildPhase section */

/* Begin PBXGroup section */
		5277EF1F18F9D49E006BE2F3 /* LearningIsFun */ = {
			isa = PBXGroup;
			children = (
				5277EF2C18F9D637006BE2F3 /* Pollution */,
				5277EF2B18F9D62A006BE2F3 /* TechnicalTheme */,
				5277EF2A18F9D617006BE2F3 /* ColoursView */,
				5277EF1D18F9C1C2006BE2F3 /* Learning_iPhone.storyboard */,
				5277EF2818F9D601006BE2F3 /* BaseView */,
				5277EF2918F9D608006BE2F3 /* ThemeView */,
			);
			name = LearningIsFun;
			sourceTree = "<group>";
		};
		5277EF2818F9D601006BE2F3 /* BaseView */ = {
			isa = PBXGroup;
			children = (
				5277EF2218F9D51D006BE2F3 /* BaseAnimatedViewController.h */,
				5277EF2318F9D51D006BE2F3 /* BaseAnimatedViewController.m */,
			);
			name = BaseView;
			sourceTree = "<group>";
		};
		5277EF2918F9D608006BE2F3 /* ThemeView */ = {
			isa = PBXGroup;
			children = (
			);
			name = ThemeView;
			sourceTree = "<group>";
		};
		5277EF2A18F9D617006BE2F3 /* ColoursView */ = {
			isa = PBXGroup;
			children = (
			);
			name = ColoursView;
			sourceTree = "<group>";
		};
		5277EF2B18F9D62A006BE2F3 /* TechnicalTheme */ = {
			isa = PBXGroup;
			children = (
			);
			name = TechnicalTheme;
			sourceTree = "<group>";
		};
		5277EF2C18F9D637006BE2F3 /* Pollution */ = {
			isa = PBXGroup;
			children = (
			);
			name = Pollution;
			sourceTree = "<group>";
		};
		AE23810418F990350080497E /* WebService */ = {
			isa = PBXGroup;
			children = (
				AE23810518F990870080497E /* SkyScannerWS.h */,
				AE23810618F990870080497E /* SkyScannerWS.m */,
			);
			name = WebService;
			sourceTree = "<group>";
		};
		AED653E918F8938E003DC239 = {
			isa = PBXGroup;
			children = (
				AED653FB18F8938E003DC239 /* Sky Snapper */,
				AED6541418F8938E003DC239 /* Sky SnapperTests */,
				AED653F418F8938E003DC239 /* Frameworks */,
				AED653F318F8938E003DC239 /* Products */,
			);
			sourceTree = "<group>";
		};
		AED653F318F8938E003DC239 /* Products */ = {
			isa = PBXGroup;
			children = (
				AED653F218F8938E003DC239 /* Sky Snapper.app */,
				AED6540D18F8938E003DC239 /* Sky SnapperTests.xctest */,
			);
			name = Products;
			sourceTree = "<group>";
		};
		AED653F418F8938E003DC239 /* Frameworks */ = {
			isa = PBXGroup;
			children = (
				AED6542718F89D96003DC239 /* QuartzCore.framework */,
				AED653F518F8938E003DC239 /* Foundation.framework */,
				AED653F718F8938E003DC239 /* CoreGraphics.framework */,
				AED653F918F8938E003DC239 /* UIKit.framework */,
				AED6540E18F8938E003DC239 /* XCTest.framework */,
			);
			name = Frameworks;
			sourceTree = "<group>";
		};
		AED653FB18F8938E003DC239 /* Sky Snapper */ = {
			isa = PBXGroup;
			children = (
				AE23810418F990350080497E /* WebService */,
				AED6542418F8998D003DC239 /* UI */,
				AED6540418F8938E003DC239 /* AppDelegate.h */,
				AED6540518F8938E003DC239 /* AppDelegate.m */,
				AED6540718F8938E003DC239 /* Images.xcassets */,
				AED653FC18F8938E003DC239 /* Supporting Files */,
			);
			path = "Sky Snapper";
			sourceTree = "<group>";
		};
		AED653FC18F8938E003DC239 /* Supporting Files */ = {
			isa = PBXGroup;
			children = (
				AED653FD18F8938E003DC239 /* Sky Snapper-Info.plist */,
				AED653FE18F8938E003DC239 /* InfoPlist.strings */,
				AED6540118F8938E003DC239 /* main.m */,
				AED6540318F8938E003DC239 /* Sky Snapper-Prefix.pch */,
			);
			name = "Supporting Files";
			sourceTree = "<group>";
		};
		AED6541418F8938E003DC239 /* Sky SnapperTests */ = {
			isa = PBXGroup;
			children = (
				AED6541A18F8938E003DC239 /* Sky_SnapperTests.m */,
				AED6541518F8938E003DC239 /* Supporting Files */,
			);
			path = "Sky SnapperTests";
			sourceTree = "<group>";
		};
		AED6541518F8938E003DC239 /* Supporting Files */ = {
			isa = PBXGroup;
			children = (
				AED6541618F8938E003DC239 /* Sky SnapperTests-Info.plist */,
				AED6541718F8938E003DC239 /* InfoPlist.strings */,
			);
			name = "Supporting Files";
			sourceTree = "<group>";
		};
		AED6542418F8998D003DC239 /* UI */ = {
			isa = PBXGroup;
			children = (
				AED6542518F899AA003DC239 /* Storyboard_iPhone.storyboard */,
				AED6542918F89DB4003DC239 /* HomeViewController.h */,
				AED6542A18F89DB4003DC239 /* HomeViewController.m */,
				AE23810118F977900080497E /* UploadViewController.h */,
				AE23810218F977900080497E /* UploadViewController.m */,
				AE23810818F998800080497E /* ResultViewController.h */,
				AE23810918F998800080497E /* ResultViewController.m */,
				5277EF1F18F9D49E006BE2F3 /* LearningIsFun */,
			);
			name = UI;
			sourceTree = "<group>";
		};
/* End PBXGroup section */

/* Begin PBXNativeTarget section */
		AED653F118F8938E003DC239 /* Sky Snapper */ = {
			isa = PBXNativeTarget;
			buildConfigurationList = AED6541E18F8938E003DC239 /* Build configuration list for PBXNativeTarget "Sky Snapper" */;
			buildPhases = (
				AED653EE18F8938E003DC239 /* Sources */,
				AED653EF18F8938E003DC239 /* Frameworks */,
				AED653F018F8938E003DC239 /* Resources */,
			);
			buildRules = (
			);
			dependencies = (
			);
			name = "Sky Snapper";
			productName = "Sky Snapper";
			productReference = AED653F218F8938E003DC239 /* Sky Snapper.app */;
			productType = "com.apple.product-type.application";
		};
		AED6540C18F8938E003DC239 /* Sky SnapperTests */ = {
			isa = PBXNativeTarget;
			buildConfigurationList = AED6542118F8938E003DC239 /* Build configuration list for PBXNativeTarget "Sky SnapperTests" */;
			buildPhases = (
				AED6540918F8938E003DC239 /* Sources */,
				AED6540A18F8938E003DC239 /* Frameworks */,
				AED6540B18F8938E003DC239 /* Resources */,
			);
			buildRules = (
			);
			dependencies = (
				AED6541318F8938E003DC239 /* PBXTargetDependency */,
			);
			name = "Sky SnapperTests";
			productName = "Sky SnapperTests";
			productReference = AED6540D18F8938E003DC239 /* Sky SnapperTests.xctest */;
			productType = "com.apple.product-type.bundle.unit-test";
		};
/* End PBXNativeTarget section */

/* Begin PBXProject section */
		AED653EA18F8938E003DC239 /* Project object */ = {
			isa = PBXProject;
			attributes = {
				LastUpgradeCheck = 0510;
				ORGANIZATIONNAME = "PA Consulting";
				TargetAttributes = {
					AED6540C18F8938E003DC239 = {
						TestTargetID = AED653F118F8938E003DC239;
					};
				};
			};
			buildConfigurationList = AED653ED18F8938E003DC239 /* Build configuration list for PBXProject "Sky Snapper" */;
			compatibilityVersion = "Xcode 3.2";
			developmentRegion = English;
			hasScannedForEncodings = 0;
			knownRegions = (
				en,
			);
			mainGroup = AED653E918F8938E003DC239;
			productRefGroup = AED653F318F8938E003DC239 /* Products */;
			projectDirPath = "";
			projectRoot = "";
			targets = (
				AED653F118F8938E003DC239 /* Sky Snapper */,
				AED6540C18F8938E003DC239 /* Sky SnapperTests */,
			);
		};
/* End PBXProject section */

/* Begin PBXResourcesBuildPhase section */
		AED653F018F8938E003DC239 /* Resources */ = {
			isa = PBXResourcesBuildPhase;
			buildActionMask = 2147483647;
			files = (
				AED6540018F8938E003DC239 /* InfoPlist.strings in Resources */,
				AED6542618F899AA003DC239 /* Storyboard_iPhone.storyboard in Resources */,
				AED6540818F8938E003DC239 /* Images.xcassets in Resources */,
				5277EF1E18F9C1C2006BE2F3 /* Learning_iPhone.storyboard in Resources */,
			);
			runOnlyForDeploymentPostprocessing = 0;
		};
		AED6540B18F8938E003DC239 /* Resources */ = {
			isa = PBXResourcesBuildPhase;
			buildActionMask = 2147483647;
			files = (
				AED6541918F8938E003DC239 /* InfoPlist.strings in Resources */,
			);
			runOnlyForDeploymentPostprocessing = 0;
		};
/* End PBXResourcesBuildPhase section */

/* Begin PBXSourcesBuildPhase section */
		AED653EE18F8938E003DC239 /* Sources */ = {
			isa = PBXSourcesBuildPhase;
			buildActionMask = 2147483647;
			files = (
				AED6540618F8938E003DC239 /* AppDelegate.m in Sources */,
				AE23810318F977900080497E /* UploadViewController.m in Sources */,
				AE23810718F990870080497E /* SkyScannerWS.m in Sources */,
				AED6540218F8938E003DC239 /* main.m in Sources */,
				AED6542B18F89DB4003DC239 /* HomeViewController.m in Sources */,
				AE23810A18F998800080497E /* ResultViewController.m in Sources */,
				5277EF2418F9D51D006BE2F3 /* BaseAnimatedViewController.m in Sources */,
			);
			runOnlyForDeploymentPostprocessing = 0;
		};
		AED6540918F8938E003DC239 /* Sources */ = {
			isa = PBXSourcesBuildPhase;
			buildActionMask = 2147483647;
			files = (
				AED6541B18F8938E003DC239 /* Sky_SnapperTests.m in Sources */,
			);
			runOnlyForDeploymentPostprocessing = 0;
		};
/* End PBXSourcesBuildPhase section */

/* Begin PBXTargetDependency section */
		AED6541318F8938E003DC239 /* PBXTargetDependency */ = {
			isa = PBXTargetDependency;
			target = AED653F118F8938E003DC239 /* Sky Snapper */;
			targetProxy = AED6541218F8938E003DC239 /* PBXContainerItemProxy */;
		};
/* End PBXTargetDependency section */

/* Begin PBXVariantGroup section */
		AED653FE18F8938E003DC239 /* InfoPlist.strings */ = {
			isa = PBXVariantGroup;
			children = (
				AED653FF18F8938E003DC239 /* en */,
			);
			name = InfoPlist.strings;
			sourceTree = "<group>";
		};
		AED6541718F8938E003DC239 /* InfoPlist.strings */ = {
			isa = PBXVariantGroup;
			children = (
				AED6541818F8938E003DC239 /* en */,
			);
			name = InfoPlist.strings;
			sourceTree = "<group>";
		};
/* End PBXVariantGroup section */

/* Begin XCBuildConfiguration section */
		AED6541C18F8938E003DC239 /* Debug */ = {
			isa = XCBuildConfiguration;
			buildSettings = {
				ALWAYS_SEARCH_USER_PATHS = NO;
				CLANG_CXX_LANGUAGE_STANDARD = "gnu++0x";
				CLANG_CXX_LIBRARY = "libc++";
				CLANG_ENABLE_MODULES = YES;
				CLANG_ENABLE_OBJC_ARC = YES;
				CLANG_WARN_BOOL_CONVERSION = YES;
				CLANG_WARN_CONSTANT_CONVERSION = YES;
				CLANG_WARN_DIRECT_OBJC_ISA_USAGE = YES_ERROR;
				CLANG_WARN_EMPTY_BODY = YES;
				CLANG_WARN_ENUM_CONVERSION = YES;
				CLANG_WARN_INT_CONVERSION = YES;
				CLANG_WARN_OBJC_ROOT_CLASS = YES_ERROR;
				CLANG_WARN__DUPLICATE_METHOD_MATCH = YES;
				"CODE_SIGN_IDENTITY[sdk=iphoneos*]" = "iPhone Developer";
				COPY_PHASE_STRIP = NO;
				GCC_C_LANGUAGE_STANDARD = gnu99;
				GCC_DYNAMIC_NO_PIC = NO;
				GCC_OPTIMIZATION_LEVEL = 0;
				GCC_PREPROCESSOR_DEFINITIONS = (
					"DEBUG=1",
					"$(inherited)",
				);
				GCC_SYMBOLS_PRIVATE_EXTERN = NO;
				GCC_WARN_64_TO_32_BIT_CONVERSION = YES;
				GCC_WARN_ABOUT_RETURN_TYPE = YES_ERROR;
				GCC_WARN_UNDECLARED_SELECTOR = YES;
				GCC_WARN_UNINITIALIZED_AUTOS = YES_AGGRESSIVE;
				GCC_WARN_UNUSED_FUNCTION = YES;
				GCC_WARN_UNUSED_VARIABLE = YES;
				IPHONEOS_DEPLOYMENT_TARGET = 7.1;
				ONLY_ACTIVE_ARCH = YES;
				SDKROOT = iphoneos;
				TARGETED_DEVICE_FAMILY = "1,2";
			};
			name = Debug;
		};
		AED6541D18F8938E003DC239 /* Release */ = {
			isa = XCBuildConfiguration;
			buildSettings = {
				ALWAYS_SEARCH_USER_PATHS = NO;
				CLANG_CXX_LANGUAGE_STANDARD = "gnu++0x";
				CLANG_CXX_LIBRARY = "libc++";
				CLANG_ENABLE_MODULES = YES;
				CLANG_ENABLE_OBJC_ARC = YES;
				CLANG_WARN_BOOL_CONVERSION = YES;
				CLANG_WARN_CONSTANT_CONVERSION = YES;
				CLANG_WARN_DIRECT_OBJC_ISA_USAGE = YES_ERROR;
				CLANG_WARN_EMPTY_BODY = YES;
				CLANG_WARN_ENUM_CONVERSION = YES;
				CLANG_WARN_INT_CONVERSION = YES;
				CLANG_WARN_OBJC_ROOT_CLASS = YES_ERROR;
				CLANG_WARN__DUPLICATE_METHOD_MATCH = YES;
				"CODE_SIGN_IDENTITY[sdk=iphoneos*]" = "iPhone Distribution";
				COPY_PHASE_STRIP = YES;
				ENABLE_NS_ASSERTIONS = NO;
				GCC_C_LANGUAGE_STANDARD = gnu99;
				GCC_WARN_64_TO_32_BIT_CONVERSION = YES;
				GCC_WARN_ABOUT_RETURN_TYPE = YES_ERROR;
				GCC_WARN_UNDECLARED_SELECTOR = YES;
				GCC_WARN_UNINITIALIZED_AUTOS = YES_AGGRESSIVE;
				GCC_WARN_UNUSED_FUNCTION = YES;
				GCC_WARN_UNUSED_VARIABLE = YES;
				IPHONEOS_DEPLOYMENT_TARGET = 7.1;
				SDKROOT = iphoneos;
				TARGETED_DEVICE_FAMILY = "1,2";
				VALIDATE_PRODUCT = YES;
			};
			name = Release;
		};
		AED6541F18F8938E003DC239 /* Debug */ = {
			isa = XCBuildConfiguration;
			buildSettings = {
				ASSETCATALOG_COMPILER_APPICON_NAME = AppIcon;
				ASSETCATALOG_COMPILER_LAUNCHIMAGE_NAME = LaunchImage;
				GCC_PRECOMPILE_PREFIX_HEADER = YES;
				GCC_PREFIX_HEADER = "Sky Snapper/Sky Snapper-Prefix.pch";
				INFOPLIST_FILE = "Sky Snapper/Sky Snapper-Info.plist";
				PRODUCT_NAME = "$(TARGET_NAME)";
				WRAPPER_EXTENSION = app;
			};
			name = Debug;
		};
		AED6542018F8938E003DC239 /* Release */ = {
			isa = XCBuildConfiguration;
			buildSettings = {
				ASSETCATALOG_COMPILER_APPICON_NAME = AppIcon;
				ASSETCATALOG_COMPILER_LAUNCHIMAGE_NAME = LaunchImage;
				GCC_PRECOMPILE_PREFIX_HEADER = YES;
				GCC_PREFIX_HEADER = "Sky Snapper/Sky Snapper-Prefix.pch";
				INFOPLIST_FILE = "Sky Snapper/Sky Snapper-Info.plist";
				PRODUCT_NAME = "$(TARGET_NAME)";
				WRAPPER_EXTENSION = app;
			};
			name = Release;
		};
		AED6542218F8938E003DC239 /* Debug */ = {
			isa = XCBuildConfiguration;
			buildSettings = {
				BUNDLE_LOADER = "$(BUILT_PRODUCTS_DIR)/Sky Snapper.app/Sky Snapper";
				FRAMEWORK_SEARCH_PATHS = (
					"$(SDKROOT)/Developer/Library/Frameworks",
					"$(inherited)",
					"$(DEVELOPER_FRAMEWORKS_DIR)",
				);
				GCC_PRECOMPILE_PREFIX_HEADER = YES;
				GCC_PREFIX_HEADER = "Sky Snapper/Sky Snapper-Prefix.pch";
				GCC_PREPROCESSOR_DEFINITIONS = (
					"DEBUG=1",
					"$(inherited)",
				);
				INFOPLIST_FILE = "Sky SnapperTests/Sky SnapperTests-Info.plist";
				PRODUCT_NAME = "$(TARGET_NAME)";
				TEST_HOST = "$(BUNDLE_LOADER)";
				WRAPPER_EXTENSION = xctest;
			};
			name = Debug;
		};
		AED6542318F8938E003DC239 /* Release */ = {
			isa = XCBuildConfiguration;
			buildSettings = {
				BUNDLE_LOADER = "$(BUILT_PRODUCTS_DIR)/Sky Snapper.app/Sky Snapper";
				FRAMEWORK_SEARCH_PATHS = (
					"$(SDKROOT)/Developer/Library/Frameworks",
					"$(inherited)",
					"$(DEVELOPER_FRAMEWORKS_DIR)",
				);
				GCC_PRECOMPILE_PREFIX_HEADER = YES;
				GCC_PREFIX_HEADER = "Sky Snapper/Sky Snapper-Prefix.pch";
				INFOPLIST_FILE = "Sky SnapperTests/Sky SnapperTests-Info.plist";
				PRODUCT_NAME = "$(TARGET_NAME)";
				TEST_HOST = "$(BUNDLE_LOADER)";
				WRAPPER_EXTENSION = xctest;
			};
			name = Release;
		};
/* End XCBuildConfiguration section */

/* Begin XCConfigurationList section */
		AED653ED18F8938E003DC239 /* Build configuration list for PBXProject "Sky Snapper" */ = {
			isa = XCConfigurationList;
			buildConfigurations = (
				AED6541C18F8938E003DC239 /* Debug */,
				AED6541D18F8938E003DC239 /* Release */,
			);
			defaultConfigurationIsVisible = 0;
			defaultConfigurationName = Release;
		};
		AED6541E18F8938E003DC239 /* Build configuration list for PBXNativeTarget "Sky Snapper" */ = {
			isa = XCConfigurationList;
			buildConfigurations = (
				AED6541F18F8938E003DC239 /* Debug */,
				AED6542018F8938E003DC239 /* Release */,
			);
			defaultConfigurationIsVisible = 0;
			defaultConfigurationName = Release;
		};
		AED6542118F8938E003DC239 /* Build configuration list for PBXNativeTarget "Sky SnapperTests" */ = {
			isa = XCConfigurationList;
			buildConfigurations = (
				AED6542218F8938E003DC239 /* Debug */,
				AED6542318F8938E003DC239 /* Release */,
			);
			defaultConfigurationIsVisible = 0;
			defaultConfigurationName = Release;
		};
/* End XCConfigurationList section */
	};
	rootObject = AED653EA18F8938E003DC239 /* Project object */;
}
